
Microsoft Visual Studio Solution File, Format Version 12.00
# Visual Studio 14
VisualStudioVersion = 14.0.25123.0
MinimumVisualStudioVersion = 10.0.40219.1
Project("{2150E333-8FDC-42A3-9474-1A3956D46DE8}") = "src", "src", "{835D0F7E-0F90-409C-97BF-B48B5E95678D}"
EndProject
Project("{2150E333-8FDC-42A3-9474-1A3956D46DE8}") = "Solution Items", "Solution Items", "{0010D045-74D6-4503-B038-85F3BA64BA06}"
	ProjectSection(SolutionItems) = preProject
		global.json = global.json
	EndProjectSection
EndProject
Project("{8BB2217D-0F2D-49D1-97BC-3654ED321F3B}") = "cyberspacebar", "src\cyberspacebar\cyberspacebar.xproj", "{A7869801-62BE-4174-809B-6D822B1FF592}"
EndProject
Global
	GlobalSection(SolutionConfigurationPlatforms) = preSolution
		Debug|Any CPU = Debug|Any CPU
		Release|Any CPU = Release|Any CPU
	EndGlobalSection
	GlobalSection(ProjectConfigurationPlatforms) = postSolution
		{A7869801-62BE-4174-809B-6D822B1FF592}.Debug|Any CPU.ActiveCfg = Debug|Any CPU
		{A7869801-62BE-4174-809B-6D822B1FF592}.Debug|Any CPU.Build.0 = Debug|Any CPU
		{A7869801-62BE-4174-809B-6D822B1FF592}.Release|Any CPU.ActiveCfg = Release|Any CPU
		{A7869801-62BE-4174-809B-6D822B1FF592}.Release|Any CPU.Build.0 = Release|Any CPU
	EndGlobalSection
	GlobalSection(SolutionProperties) = preSolution
		HideSolutionNode = FALSE
	EndGlobalSection
	GlobalSection(NestedProjects) = preSolution
		{A7869801-62BE-4174-809B-6D822B1FF592} = {835D0F7E-0F90-409C-97BF-B48B5E95678D}
	EndGlobalSection
EndGlobal
